
Microsoft Visual Studio Solution File, Format Version 12.00
# Visual Studio Version 16
VisualStudioVersion = 16.0.29519.87
MinimumVisualStudioVersion = 10.0.40219.1
Project("{8BC9CEB8-8B4A-11D0-8D11-00A0C91BC942}") = "vcheck_patcher_fo4", "vcheck_patcher\vcheck_patcher.vcxproj", "{B3A068A6-E034-40C5-82D2-1B7B219B37BB}"
	ProjectSection(ProjectDependencies) = postProject
		{20C6411C-596F-4B85-BE4E-8BC91F59D8A6} = {20C6411C-596F-4B85-BE4E-8BC91F59D8A6}
	EndProjectSection
EndProject
Project("{8BC9CEB8-8B4A-11D0-8D11-00A0C91BC942}") = "common_vc11", "..\common\common_vc11.vcxproj", "{D4C128A1-73DC-4941-A453-CE55AF239BA8}"
EndProject
Project("{8BC9CEB8-8B4A-11D0-8D11-00A0C91BC942}") = "f4se_common", "f4se_common\f4se_common.vcxproj", "{20C6411C-596F-4B85-BE4E-8BC91F59D8A6}"
EndProject
Project("{8BC9CEB8-8B4A-11D0-8D11-00A0C91BC942}") = "skse64_common", "skse64_common\skse64_common.vcxproj", "{5FD1C08D-DB80-480C-A1C6-F0920005CD13}"
EndProject
Global
	GlobalSection(SolutionConfigurationPlatforms) = preSolution
		Debug_FO4_Dxgi|x64 = Debug_FO4_Dxgi|x64
		Debug_FO4_Dxgi|x86 = Debug_FO4_Dxgi|x86
		Debug_FO4_F4SE|x64 = Debug_FO4_F4SE|x64
		Debug_FO4_F4SE|x86 = Debug_FO4_F4SE|x86
		Debug_SSE_Dxgi|x64 = Debug_SSE_Dxgi|x64
		Debug_SSE_Dxgi|x86 = Debug_SSE_Dxgi|x86
		Debug_SSE_SKSE64|x64 = Debug_SSE_SKSE64|x64
		Debug_SSE_SKSE64|x86 = Debug_SSE_SKSE64|x86
		Debug|x64 = Debug|x64
		Debug|x86 = Debug|x86
		Release_FO4_Dxgi|x64 = Release_FO4_Dxgi|x64
		Release_FO4_Dxgi|x86 = Release_FO4_Dxgi|x86
		Release_FO4_F4SE|x64 = Release_FO4_F4SE|x64
		Release_FO4_F4SE|x86 = Release_FO4_F4SE|x86
		Release_SSE_Dxgi|x64 = Release_SSE_Dxgi|x64
		Release_SSE_Dxgi|x86 = Release_SSE_Dxgi|x86
		Release_SSE_SKSE64|x64 = Release_SSE_SKSE64|x64
		Release_SSE_SKSE64|x86 = Release_SSE_SKSE64|x86
		Release|x64 = Release|x64
		Release|x86 = Release|x86
	EndGlobalSection
	GlobalSection(ProjectConfigurationPlatforms) = postSolution
		{B3A068A6-E034-40C5-82D2-1B7B219B37BB}.Debug_FO4_Dxgi|x64.ActiveCfg = Debug_FO4_Dxgi|x64
		{B3A068A6-E034-40C5-82D2-1B7B219B37BB}.Debug_FO4_Dxgi|x64.Build.0 = Debug_FO4_Dxgi|x64
		{B3A068A6-E034-40C5-82D2-1B7B219B37BB}.Debug_FO4_Dxgi|x86.ActiveCfg = Debug_FO4_Dxgi|x64
		{B3A068A6-E034-40C5-82D2-1B7B219B37BB}.Debug_FO4_F4SE|x64.ActiveCfg = Debug_FO4_F4SE|x64
		{B3A068A6-E034-40C5-82D2-1B7B219B37BB}.Debug_FO4_F4SE|x64.Build.0 = Debug_FO4_F4SE|x64
		{B3A068A6-E034-40C5-82D2-1B7B219B37BB}.Debug_FO4_F4SE|x86.ActiveCfg = Debug_FO4_F4SE|x64
		{B3A068A6-E034-40C5-82D2-1B7B219B37BB}.Debug_SSE_Dxgi|x64.ActiveCfg = Debug_SSE_Dxgi|x64
		{B3A068A6-E034-40C5-82D2-1B7B219B37BB}.Debug_SSE_Dxgi|x64.Build.0 = Debug_SSE_Dxgi|x64
		{B3A068A6-E034-40C5-82D2-1B7B219B37BB}.Debug_SSE_Dxgi|x86.ActiveCfg = Debug_SSE_Dxgi|x64
		{B3A068A6-E034-40C5-82D2-1B7B219B37BB}.Debug_SSE_SKSE64|x64.ActiveCfg = Debug_SSE_SKSE64|x64
		{B3A068A6-E034-40C5-82D2-1B7B219B37BB}.Debug_SSE_SKSE64|x64.Build.0 = Debug_SSE_SKSE64|x64
		{B3A068A6-E034-40C5-82D2-1B7B219B37BB}.Debug_SSE_SKSE64|x86.ActiveCfg = Debug_SSE_SKSE64|x64
		{B3A068A6-E034-40C5-82D2-1B7B219B37BB}.Debug|x64.ActiveCfg = Debug_SSE_Dxgi|x64
		{B3A068A6-E034-40C5-82D2-1B7B219B37BB}.Debug|x64.Build.0 = Debug_SSE_Dxgi|x64
		{B3A068A6-E034-40C5-82D2-1B7B219B37BB}.Debug|x86.ActiveCfg = Release_SSE_Dxgi|x64
		{B3A068A6-E034-40C5-82D2-1B7B219B37BB}.Debug|x86.Build.0 = Release_SSE_Dxgi|x64
		{B3A068A6-E034-40C5-82D2-1B7B219B37BB}.Release_FO4_Dxgi|x64.ActiveCfg = Release_FO4_Dxgi|x64
		{B3A068A6-E034-40C5-82D2-1B7B219B37BB}.Release_FO4_Dxgi|x64.Build.0 = Release_FO4_Dxgi|x64
		{B3A068A6-E034-40C5-82D2-1B7B219B37BB}.Release_FO4_Dxgi|x86.ActiveCfg = Release_FO4_Dxgi|x64
		{B3A068A6-E034-40C5-82D2-1B7B219B37BB}.Release_FO4_F4SE|x64.ActiveCfg = Release_FO4_F4SE|x64
		{B3A068A6-E034-40C5-82D2-1B7B219B37BB}.Release_FO4_F4SE|x64.Build.0 = Release_FO4_F4SE|x64
		{B3A068A6-E034-40C5-82D2-1B7B219B37BB}.Release_FO4_F4SE|x86.ActiveCfg = Release_FO4_F4SE|x64
		{B3A068A6-E034-40C5-82D2-1B7B219B37BB}.Release_SSE_Dxgi|x64.ActiveCfg = Release_SSE_Dxgi|x64
		{B3A068A6-E034-40C5-82D2-1B7B219B37BB}.Release_SSE_Dxgi|x64.Build.0 = Release_SSE_Dxgi|x64
		{B3A068A6-E034-40C5-82D2-1B7B219B37BB}.Release_SSE_Dxgi|x86.ActiveCfg = Release_SSE_Dxgi|x64
		{B3A068A6-E034-40C5-82D2-1B7B219B37BB}.Release_SSE_SKSE64|x64.ActiveCfg = Release_SSE_SKSE64|x64
		{B3A068A6-E034-40C5-82D2-1B7B219B37BB}.Release_SSE_SKSE64|x64.Build.0 = Release_SSE_SKSE64|x64
		{B3A068A6-E034-40C5-82D2-1B7B219B37BB}.Release_SSE_SKSE64|x86.ActiveCfg = Release_SSE_SKSE64|x64
		{B3A068A6-E034-40C5-82D2-1B7B219B37BB}.Release|x64.ActiveCfg = Release_SSE_Dxgi|x64
		{B3A068A6-E034-40C5-82D2-1B7B219B37BB}.Release|x64.Build.0 = Release_SSE_Dxgi|x64
		{B3A068A6-E034-40C5-82D2-1B7B219B37BB}.Release|x86.ActiveCfg = Release_SSE_Dxgi|x64
		{B3A068A6-E034-40C5-82D2-1B7B219B37BB}.Release|x86.Build.0 = Release_SSE_Dxgi|x64
		{D4C128A1-73DC-4941-A453-CE55AF239BA8}.Debug_FO4_Dxgi|x64.ActiveCfg = Debug|x64
		{D4C128A1-73DC-4941-A453-CE55AF239BA8}.Debug_FO4_Dxgi|x64.Build.0 = Debug|x64
		{D4C128A1-73DC-4941-A453-CE55AF239BA8}.Debug_FO4_Dxgi|x86.ActiveCfg = Debug|Win32
		{D4C128A1-73DC-4941-A453-CE55AF239BA8}.Debug_FO4_Dxgi|x86.Build.0 = Debug|Win32
		{D4C128A1-73DC-4941-A453-CE55AF239BA8}.Debug_FO4_F4SE|x64.ActiveCfg = Debug|x64
		{D4C128A1-73DC-4941-A453-CE55AF239BA8}.Debug_FO4_F4SE|x64.Build.0 = Debug|x64
		{D4C128A1-73DC-4941-A453-CE55AF239BA8}.Debug_FO4_F4SE|x86.ActiveCfg = Debug_FO4_F4SE|Win32
		{D4C128A1-73DC-4941-A453-CE55AF239BA8}.Debug_FO4_F4SE|x86.Build.0 = Debug_FO4_F4SE|Win32
		{D4C128A1-73DC-4941-A453-CE55AF239BA8}.Debug_SSE_Dxgi|x64.ActiveCfg = Debug|x64
		{D4C128A1-73DC-4941-A453-CE55AF239BA8}.Debug_SSE_Dxgi|x64.Build.0 = Debug|x64
		{D4C128A1-73DC-4941-A453-CE55AF239BA8}.Debug_SSE_Dxgi|x86.ActiveCfg = Debug|Win32
		{D4C128A1-73DC-4941-A453-CE55AF239BA8}.Debug_SSE_Dxgi|x86.Build.0 = Debug|Win32
		{D4C128A1-73DC-4941-A453-CE55AF239BA8}.Debug_SSE_SKSE64|x64.ActiveCfg = Debug_SSE_SKSE64|x64
		{D4C128A1-73DC-4941-A453-CE55AF239BA8}.Debug_SSE_SKSE64|x64.Build.0 = Debug_SSE_SKSE64|x64
		{D4C128A1-73DC-4941-A453-CE55AF239BA8}.Debug_SSE_SKSE64|x86.ActiveCfg = Debug_SSE_SKSE64|Win32
		{D4C128A1-73DC-4941-A453-CE55AF239BA8}.Debug_SSE_SKSE64|x86.Build.0 = Debug_SSE_SKSE64|Win32
		{D4C128A1-73DC-4941-A453-CE55AF239BA8}.Debug|x64.ActiveCfg = Debug|x64
		{D4C128A1-73DC-4941-A453-CE55AF239BA8}.Debug|x64.Build.0 = Debug|x64
		{D4C128A1-73DC-4941-A453-CE55AF239BA8}.Debug|x86.ActiveCfg = Debug|Win32
		{D4C128A1-73DC-4941-A453-CE55AF239BA8}.Debug|x86.Build.0 = Debug|Win32
		{D4C128A1-73DC-4941-A453-CE55AF239BA8}.Release_FO4_Dxgi|x64.ActiveCfg = Release|x64
		{D4C128A1-73DC-4941-A453-CE55AF239BA8}.Release_FO4_Dxgi|x64.Build.0 = Release|x64
		{D4C128A1-73DC-4941-A453-CE55AF239BA8}.Release_FO4_Dxgi|x86.ActiveCfg = Release|Win32
		{D4C128A1-73DC-4941-A453-CE55AF239BA8}.Release_FO4_Dxgi|x86.Build.0 = Release|Win32
		{D4C128A1-73DC-4941-A453-CE55AF239BA8}.Release_FO4_F4SE|x64.ActiveCfg = Release|x64
		{D4C128A1-73DC-4941-A453-CE55AF239BA8}.Release_FO4_F4SE|x64.Build.0 = Release|x64
		{D4C128A1-73DC-4941-A453-CE55AF239BA8}.Release_FO4_F4SE|x86.ActiveCfg = Release_FO4_F4SE|Win32
		{D4C128A1-73DC-4941-A453-CE55AF239BA8}.Release_FO4_F4SE|x86.Build.0 = Release_FO4_F4SE|Win32
		{D4C128A1-73DC-4941-A453-CE55AF239BA8}.Release_SSE_Dxgi|x64.ActiveCfg = Release|x64
		{D4C128A1-73DC-4941-A453-CE55AF239BA8}.Release_SSE_Dxgi|x64.Build.0 = Release|x64
		{D4C128A1-73DC-4941-A453-CE55AF239BA8}.Release_SSE_Dxgi|x86.ActiveCfg = Release|Win32
		{D4C128A1-73DC-4941-A453-CE55AF239BA8}.Release_SSE_Dxgi|x86.Build.0 = Release|Win32
		{D4C128A1-73DC-4941-A453-CE55AF239BA8}.Release_SSE_SKSE64|x64.ActiveCfg = Release_SSE_SKSE64|x64
		{D4C128A1-73DC-4941-A453-CE55AF239BA8}.Release_SSE_SKSE64|x64.Build.0 = Release_SSE_SKSE64|x64
		{D4C128A1-73DC-4941-A453-CE55AF239BA8}.Release_SSE_SKSE64|x86.ActiveCfg = Release_SSE_SKSE64|Win32
		{D4C128A1-73DC-4941-A453-CE55AF239BA8}.Release_SSE_SKSE64|x86.Build.0 = Release_SSE_SKSE64|Win32
		{D4C128A1-73DC-4941-A453-CE55AF239BA8}.Release|x64.ActiveCfg = Release|x64
		{D4C128A1-73DC-4941-A453-CE55AF239BA8}.Release|x64.Build.0 = Release|x64
		{D4C128A1-73DC-4941-A453-CE55AF239BA8}.Release|x86.ActiveCfg = Release|Win32
		{D4C128A1-73DC-4941-A453-CE55AF239BA8}.Release|x86.Build.0 = Release|Win32
		{20C6411C-596F-4B85-BE4E-8BC91F59D8A6}.Debug_FO4_Dxgi|x64.ActiveCfg = Debug|x64
		{20C6411C-596F-4B85-BE4E-8BC91F59D8A6}.Debug_FO4_Dxgi|x64.Build.0 = Debug|x64
		{20C6411C-596F-4B85-BE4E-8BC91F59D8A6}.Debug_FO4_Dxgi|x86.ActiveCfg = Release|x64
		{20C6411C-596F-4B85-BE4E-8BC91F59D8A6}.Debug_FO4_Dxgi|x86.Build.0 = Release|x64
		{20C6411C-596F-4B85-BE4E-8BC91F59D8A6}.Debug_FO4_F4SE|x64.ActiveCfg = Debug|x64
		{20C6411C-596F-4B85-BE4E-8BC91F59D8A6}.Debug_FO4_F4SE|x64.Build.0 = Debug|x64
		{20C6411C-596F-4B85-BE4E-8BC91F59D8A6}.Debug_FO4_F4SE|x86.ActiveCfg = Debug_FO4_F4SE|x64
		{20C6411C-596F-4B85-BE4E-8BC91F59D8A6}.Debug_SSE_Dxgi|x64.ActiveCfg = Debug|x64
		{20C6411C-596F-4B85-BE4E-8BC91F59D8A6}.Debug_SSE_Dxgi|x64.Build.0 = Debug|x64
		{20C6411C-596F-4B85-BE4E-8BC91F59D8A6}.Debug_SSE_Dxgi|x86.ActiveCfg = Release|x64
		{20C6411C-596F-4B85-BE4E-8BC91F59D8A6}.Debug_SSE_Dxgi|x86.Build.0 = Release|x64
		{20C6411C-596F-4B85-BE4E-8BC91F59D8A6}.Debug_SSE_SKSE64|x64.ActiveCfg = Debug_SSE_SKSE64|x64
		{20C6411C-596F-4B85-BE4E-8BC91F59D8A6}.Debug_SSE_SKSE64|x64.Build.0 = Debug_SSE_SKSE64|x64
		{20C6411C-596F-4B85-BE4E-8BC91F59D8A6}.Debug_SSE_SKSE64|x86.ActiveCfg = Debug_SSE_SKSE64|x64
		{20C6411C-596F-4B85-BE4E-8BC91F59D8A6}.Debug|x64.ActiveCfg = Debug|x64
		{20C6411C-596F-4B85-BE4E-8BC91F59D8A6}.Debug|x64.Build.0 = Debug|x64
		{20C6411C-596F-4B85-BE4E-8BC91F59D8A6}.Debug|x86.ActiveCfg = Debug|x64
		{20C6411C-596F-4B85-BE4E-8BC91F59D8A6}.Release_FO4_Dxgi|x64.ActiveCfg = Release|x64
		{20C6411C-596F-4B85-BE4E-8BC91F59D8A6}.Release_FO4_Dxgi|x64.Build.0 = Release|x64
		{20C6411C-596F-4B85-BE4E-8BC91F59D8A6}.Release_FO4_Dxgi|x86.ActiveCfg = Release|x64
		{20C6411C-596F-4B85-BE4E-8BC91F59D8A6}.Release_FO4_Dxgi|x86.Build.0 = Release|x64
		{20C6411C-596F-4B85-BE4E-8BC91F59D8A6}.Release_FO4_F4SE|x64.ActiveCfg = Release|x64
		{20C6411C-596F-4B85-BE4E-8BC91F59D8A6}.Release_FO4_F4SE|x64.Build.0 = Release|x64
		{20C6411C-596F-4B85-BE4E-8BC91F59D8A6}.Release_FO4_F4SE|x86.ActiveCfg = Release_FO4_F4SE|x64
		{20C6411C-596F-4B85-BE4E-8BC91F59D8A6}.Release_SSE_Dxgi|x64.ActiveCfg = Release|x64
		{20C6411C-596F-4B85-BE4E-8BC91F59D8A6}.Release_SSE_Dxgi|x64.Build.0 = Release|x64
		{20C6411C-596F-4B85-BE4E-8BC91F59D8A6}.Release_SSE_Dxgi|x86.ActiveCfg = Release|x64
		{20C6411C-596F-4B85-BE4E-8BC91F59D8A6}.Release_SSE_Dxgi|x86.Build.0 = Release|x64
		{20C6411C-596F-4B85-BE4E-8BC91F59D8A6}.Release_SSE_SKSE64|x64.ActiveCfg = Release_SSE_SKSE64|x64
		{20C6411C-596F-4B85-BE4E-8BC91F59D8A6}.Release_SSE_SKSE64|x64.Build.0 = Release_SSE_SKSE64|x64
		{20C6411C-596F-4B85-BE4E-8BC91F59D8A6}.Release_SSE_SKSE64|x86.ActiveCfg = Release_SSE_SKSE64|x64
		{20C6411C-596F-4B85-BE4E-8BC91F59D8A6}.Release|x64.ActiveCfg = Release|x64
		{20C6411C-596F-4B85-BE4E-8BC91F59D8A6}.Release|x64.Build.0 = Release|x64
		{20C6411C-596F-4B85-BE4E-8BC91F59D8A6}.Release|x86.ActiveCfg = Release|x64
		{5FD1C08D-DB80-480C-A1C6-F0920005CD13}.Debug_FO4_Dxgi|x64.ActiveCfg = Debug|x64
		{5FD1C08D-DB80-480C-A1C6-F0920005CD13}.Debug_FO4_Dxgi|x64.Build.0 = Debug|x64
		{5FD1C08D-DB80-480C-A1C6-F0920005CD13}.Debug_FO4_Dxgi|x86.ActiveCfg = Release|x64
		{5FD1C08D-DB80-480C-A1C6-F0920005CD13}.Debug_FO4_Dxgi|x86.Build.0 = Release|x64
		{5FD1C08D-DB80-480C-A1C6-F0920005CD13}.Debug_FO4_F4SE|x64.ActiveCfg = Debug|x64
		{5FD1C08D-DB80-480C-A1C6-F0920005CD13}.Debug_FO4_F4SE|x64.Build.0 = Debug|x64
		{5FD1C08D-DB80-480C-A1C6-F0920005CD13}.Debug_FO4_F4SE|x86.ActiveCfg = Debug_FO4_F4SE|x64
		{5FD1C08D-DB80-480C-A1C6-F0920005CD13}.Debug_SSE_Dxgi|x64.ActiveCfg = Debug|x64
		{5FD1C08D-DB80-480C-A1C6-F0920005CD13}.Debug_SSE_Dxgi|x64.Build.0 = Debug|x64
		{5FD1C08D-DB80-480C-A1C6-F0920005CD13}.Debug_SSE_Dxgi|x86.ActiveCfg = Release|x64
		{5FD1C08D-DB80-480C-A1C6-F0920005CD13}.Debug_SSE_Dxgi|x86.Build.0 = Release|x64
		{5FD1C08D-DB80-480C-A1C6-F0920005CD13}.Debug_SSE_SKSE64|x64.ActiveCfg = Debug_SSE_SKSE64|x64
		{5FD1C08D-DB80-480C-A1C6-F0920005CD13}.Debug_SSE_SKSE64|x64.Build.0 = Debug_SSE_SKSE64|x64
		{5FD1C08D-DB80-480C-A1C6-F0920005CD13}.Debug_SSE_SKSE64|x86.ActiveCfg = Debug_SSE_SKSE64|x64
		{5FD1C08D-DB80-480C-A1C6-F0920005CD13}.Debug|x64.ActiveCfg = Debug|x64
		{5FD1C08D-DB80-480C-A1C6-F0920005CD13}.Debug|x64.Build.0 = Debug|x64
		{5FD1C08D-DB80-480C-A1C6-F0920005CD13}.Debug|x86.ActiveCfg = Debug|x64
		{5FD1C08D-DB80-480C-A1C6-F0920005CD13}.Release_FO4_Dxgi|x64.ActiveCfg = Release|x64
		{5FD1C08D-DB80-480C-A1C6-F0920005CD13}.Release_FO4_Dxgi|x64.Build.0 = Release|x64
		{5FD1C08D-DB80-480C-A1C6-F0920005CD13}.Release_FO4_Dxgi|x86.ActiveCfg = Release|x64
		{5FD1C08D-DB80-480C-A1C6-F0920005CD13}.Release_FO4_Dxgi|x86.Build.0 = Release|x64
		{5FD1C08D-DB80-480C-A1C6-F0920005CD13}.Release_FO4_F4SE|x64.ActiveCfg = Release|x64
		{5FD1C08D-DB80-480C-A1C6-F0920005CD13}.Release_FO4_F4SE|x64.Build.0 = Release|x64
		{5FD1C08D-DB80-480C-A1C6-F0920005CD13}.Release_FO4_F4SE|x86.ActiveCfg = Release_FO4_F4SE|x64
		{5FD1C08D-DB80-480C-A1C6-F0920005CD13}.Release_SSE_Dxgi|x64.ActiveCfg = Release|x64
		{5FD1C08D-DB80-480C-A1C6-F0920005CD13}.Release_SSE_Dxgi|x64.Build.0 = Release|x64
		{5FD1C08D-DB80-480C-A1C6-F0920005CD13}.Release_SSE_Dxgi|x86.ActiveCfg = Release|x64
		{5FD1C08D-DB80-480C-A1C6-F0920005CD13}.Release_SSE_Dxgi|x86.Build.0 = Release|x64
		{5FD1C08D-DB80-480C-A1C6-F0920005CD13}.Release_SSE_SKSE64|x64.ActiveCfg = Release_SSE_SKSE64|x64
		{5FD1C08D-DB80-480C-A1C6-F0920005CD13}.Release_SSE_SKSE64|x64.Build.0 = Release_SSE_SKSE64|x64
		{5FD1C08D-DB80-480C-A1C6-F0920005CD13}.Release_SSE_SKSE64|x86.ActiveCfg = Release_SSE_SKSE64|x64
		{5FD1C08D-DB80-480C-A1C6-F0920005CD13}.Release|x64.ActiveCfg = Release|x64
		{5FD1C08D-DB80-480C-A1C6-F0920005CD13}.Release|x64.Build.0 = Release|x64
		{5FD1C08D-DB80-480C-A1C6-F0920005CD13}.Release|x86.ActiveCfg = Release|x64
	EndGlobalSection
	GlobalSection(SolutionProperties) = preSolution
		HideSolutionNode = FALSE
	EndGlobalSection
	GlobalSection(ExtensibilityGlobals) = postSolution
		SolutionGuid = {F671836F-0A25-448B-8F30-E615308225BA}
	EndGlobalSection
EndGlobal
